
Microsoft Visual Studio Solution File, Format Version 12.00
# Visual Studio Version 17
VisualStudioVersion = 17.0.31611.283
MinimumVisualStudioVersion = 10.0.40219.1
Project("{9A19103F-16F7-4668-BE54-9A1E7A4F7556}") = "ALMSAPP", "ALMSAPP\ALMSAPP.csproj", "{DF768BDA-98A8-41C9-B853-5E29992D901D}"
EndProject
Project("{9A19103F-16F7-4668-BE54-9A1E7A4F7556}") = "MedicineItemWebAPI", "MedicineItemWebAPI\MedicineItemWebAPI.csproj", "{8BC3C1D2-F4B6-43C9-A623-67242E6A9A2B}"
EndProject
Project("{9A19103F-16F7-4668-BE54-9A1E7A4F7556}") = "UnitTests", "UnitTests\UnitTests.csproj", "{7149CCAD-D3C7-41EB-A6E6-2DCAE5A64A83}"
EndProject
Global
	GlobalSection(SolutionConfigurationPlatforms) = preSolution
		Debug|Any CPU = Debug|Any CPU
		Release|Any CPU = Release|Any CPU
	EndGlobalSection
	GlobalSection(ProjectConfigurationPlatforms) = postSolution
		{DF768BDA-98A8-41C9-B853-5E29992D901D}.Debug|Any CPU.ActiveCfg = Debug|Any CPU
		{DF768BDA-98A8-41C9-B853-5E29992D901D}.Debug|Any CPU.Build.0 = Debug|Any CPU
		{DF768BDA-98A8-41C9-B853-5E29992D901D}.Debug|Any CPU.Deploy.0 = Debug|Any CPU
		{DF768BDA-98A8-41C9-B853-5E29992D901D}.Release|Any CPU.ActiveCfg = Release|Any CPU
		{DF768BDA-98A8-41C9-B853-5E29992D901D}.Release|Any CPU.Build.0 = Release|Any CPU
		{DF768BDA-98A8-41C9-B853-5E29992D901D}.Release|Any CPU.Deploy.0 = Release|Any CPU
		{8BC3C1D2-F4B6-43C9-A623-67242E6A9A2B}.Debug|Any CPU.ActiveCfg = Debug|Any CPU
		{8BC3C1D2-F4B6-43C9-A623-67242E6A9A2B}.Debug|Any CPU.Build.0 = Debug|Any CPU
		{8BC3C1D2-F4B6-43C9-A623-67242E6A9A2B}.Release|Any CPU.ActiveCfg = Release|Any CPU
		{8BC3C1D2-F4B6-43C9-A623-67242E6A9A2B}.Release|Any CPU.Build.0 = Release|Any CPU
		{7149CCAD-D3C7-41EB-A6E6-2DCAE5A64A83}.Debug|Any CPU.ActiveCfg = Debug|Any CPU
		{7149CCAD-D3C7-41EB-A6E6-2DCAE5A64A83}.Debug|Any CPU.Build.0 = Debug|Any CPU
		{7149CCAD-D3C7-41EB-A6E6-2DCAE5A64A83}.Release|Any CPU.ActiveCfg = Release|Any CPU
		{7149CCAD-D3C7-41EB-A6E6-2DCAE5A64A83}.Release|Any CPU.Build.0 = Release|Any CPU
	EndGlobalSection
	GlobalSection(SolutionProperties) = preSolution
		HideSolutionNode = FALSE
	EndGlobalSection
	GlobalSection(ExtensibilityGlobals) = postSolution
		SolutionGuid = {61F7FB11-1E47-470C-91E2-47F8143E1572}
	EndGlobalSection
EndGlobal
